{
  "requires": true,
  "lockfileVersion": 1,
  "dependencies": {
    "i18next": {
      "version": "10.2.2",
      "resolved": "https://registry.npmjs.org/i18next/-/i18next-10.2.2.tgz",
      "integrity": "sha512-sWazkOEWjPxfcFEATDaZsHNkIbcCTFzee+qNoJyBWl1jHz0Haabhfk+/j2KVrZcDp2v7tZ9FDSUj3kh6G/IF0Q=="
    }
  }
}
